<?xml version="1.0" encoding="utf-8"?>
<Project ToolsVersion="4.0" xmlns="http://schemas.microsoft.com/developer/msbuild/2003">
  <ItemGroup>
    <Filter Include="Source Files">
      <UniqueIdentifier>{4FC737F1-C7A5-4376-A066-2A32D752A2FF}</UniqueIdentifier>
      <Extensions>cpp;c;cc;cxx;def;odl;idl;hpj;bat;asm;asmx</Extensions>
    </Filter>
    <Filter Include="Header Files">
      <UniqueIdentifier>{93995380-89BD-4b04-88EB-625FBE52EBFB}</UniqueIdentifier>
      <Extensions>h;hh;hpp;hxx;hm;inl;inc;xsd</Extensions>
    </Filter>
    <Filter Include="Resource Files">
      <UniqueIdentifier>{67DA6AB6-F800-4c08-8B7A-83BB121AAD01}</UniqueIdentifier>
      <Extensions>rc;ico;cur;bmp;dlg;rc2;rct;bin;rgs;gif;jpg;jpeg;jpe;resx;tiff;tif;png;wav;mfcribbon-ms</Extensions>
    </Filter>
  </ItemGroup>
  <ItemGroup>
    <ClCompile Include="eos_water.cpp">
      <Filter>Source Files</Filter>
    </ClCompile>
    <ClCompile Include="eqn_antoine.cpp">
      <Filter>Source Files</Filter>
    </ClCompile>
    <ClCompile Include="eqn_duhring.cpp">
      <Filter>Source Files</Filter>
    </ClCompile>
    <ClCompile Include="eqn_nrtl.cpp">
      <Filter>Source Files</Filter>
    </ClCompile>
    <ClCompile Include="eqn_template.cpp">
      <Filter>Source Files</Filter>
    </ClCompile>
    <ClCompile Include="eqn_toth.cpp">
      <Filter>Source Files</Filter>
    </ClCompile>
    <ClCompile Include="sorpproplib.cpp">
      <Filter>Source Files</Filter>
    </ClCompile>
    <ClCompile Include="pair_rs.cpp">
      <Filter>Source Files</Filter>
    </ClCompile>
    <ClCompile Include="nosjob\src\parser\JSON_parser.c">
      <Filter>Source Files</Filter>
    </ClCompile>
    <ClCompile Include="nosjob\src\parser\main.c">
      <Filter>Source Files</Filter>
    </ClCompile>
    <ClCompile Include="nosjob\src\Array.cpp">
      <Filter>Source Files</Filter>
    </ClCompile>
    <ClCompile Include="nosjob\src\Boolean.cpp">
      <Filter>Source Files</Filter>
    </ClCompile>
    <ClCompile Include="nosjob\src\Double.cpp">
      <Filter>Source Files</Filter>
    </ClCompile>
    <ClCompile Include="nosjob\src\Integer.cpp">
      <Filter>Source Files</Filter>
    </ClCompile>
    <ClCompile Include="nosjob\src\nosjob.cpp">
      <Filter>Source Files</Filter>
    </ClCompile>
    <ClCompile Include="nosjob\src\Object.cpp">
      <Filter>Source Files</Filter>
    </ClCompile>
    <ClCompile Include="nosjob\src\Parser.cpp">
      <Filter>Source Files</Filter>
    </ClCompile>
    <ClCompile Include="nosjob\src\Utf8String.cpp">
      <Filter>Source Files</Filter>
    </ClCompile>
    <ClCompile Include="nosjob\src\Utf16String.cpp">
      <Filter>Source Files</Filter>
    </ClCompile>
    <ClCompile Include="parms.cpp">
      <Filter>Source Files</Filter>
    </ClCompile>
    <ClCompile Include="eqn_ac_floryhuggins.cpp">
      <Filter>Source Files</Filter>
    </ClCompile>
    <ClCompile Include="eqn_ac_heil.cpp">
      <Filter>Source Files</Filter>
    </ClCompile>
    <ClCompile Include="eqn_ac_tsubokakatayama.cpp">
      <Filter>Source Files</Filter>
    </ClCompile>
    <ClCompile Include="eqn_ac_wangchao.cpp">
      <Filter>Source Files</Filter>
    </ClCompile>
    <ClCompile Include="eqn_ac_wilson.cpp">
      <Filter>Source Files</Filter>
    </ClCompile>
    <ClCompile Include="eqn_dss.cpp">
      <Filter>Source Files</Filter>
    </ClCompile>
    <ClCompile Include="eqn_langmuir.cpp">
      <Filter>Source Files</Filter>
    </ClCompile>
    <ClCompile Include="eqn_dubininastakov_mass.cpp">
      <Filter>Source Files</Filter>
    </ClCompile>
    <ClCompile Include="eqn_dubininastakov_volume.cpp">
      <Filter>Source Files</Filter>
    </ClCompile>
    <ClCompile Include="eqn_ac_uniquac_fixeddu.cpp">
      <Filter>Source Files</Filter>
    </ClCompile>
    <ClCompile Include="eqn_ac_uniquac_du_t.cpp">
      <Filter>Source Files</Filter>
    </ClCompile>
    <ClCompile Include="eqn_ac_nrtl_dg_t.cpp">
      <Filter>Source Files</Filter>
    </ClCompile>
    <ClCompile Include="eqn_ac_nrtl_fixeddg.cpp">
      <Filter>Source Files</Filter>
    </ClCompile>
    <ClCompile Include="eqn_mr_1pvdw.cpp">
      <Filter>Source Files</Filter>
    </ClCompile>
  </ItemGroup>
  <ItemGroup>
    <ClInclude Include="eos_water.h">
      <Filter>Header Files</Filter>
    </ClInclude>
    <ClInclude Include="eqn_antoine.h">
      <Filter>Header Files</Filter>
    </ClInclude>
    <ClInclude Include="eqn_duhring.h">
      <Filter>Header Files</Filter>
    </ClInclude>
    <ClInclude Include="eqn_nrtl.h">
      <Filter>Header Files</Filter>
    </ClInclude>
    <ClInclude Include="eqn_template.h">
      <Filter>Header Files</Filter>
    </ClInclude>
    <ClInclude Include="eqn_toth.h">
      <Filter>Header Files</Filter>
    </ClInclude>
    <ClInclude Include="pair_template.h">
      <Filter>Header Files</Filter>
    </ClInclude>
    <ClInclude Include="sorpproplib.h">
      <Filter>Header Files</Filter>
    </ClInclude>
    <ClInclude Include="pair_rs.h">
      <Filter>Header Files</Filter>
    </ClInclude>
    <ClInclude Include="..\sorpproplib_global.h">
      <Filter>Header Files</Filter>
    </ClInclude>
    <ClInclude Include="nosjob\include\wh\nosjob\utfcpp\utf8\checked.h">
      <Filter>Header Files</Filter>
    </ClInclude>
    <ClInclude Include="nosjob\include\wh\nosjob\utfcpp\utf8\core.h">
      <Filter>Header Files</Filter>
    </ClInclude>
    <ClInclude Include="nosjob\include\wh\nosjob\utfcpp\utf8\unchecked.h">
      <Filter>Header Files</Filter>
    </ClInclude>
    <ClInclude Include="nosjob\include\wh\nosjob\utfcpp\utf8.h">
      <Filter>Header Files</Filter>
    </ClInclude>
    <ClInclude Include="nosjob\include\wh\nosjob\Allocator.hpp">
      <Filter>Header Files</Filter>
    </ClInclude>
    <ClInclude Include="nosjob\include\wh\nosjob\AtomAccess.hpp">
      <Filter>Header Files</Filter>
    </ClInclude>
    <ClInclude Include="nosjob\include\wh\nosjob\nosjob.hpp">
      <Filter>Header Files</Filter>
    </ClInclude>
    <ClInclude Include="nosjob\include\wh\nosjob\nosjob_convert.hpp">
      <Filter>Header Files</Filter>
    </ClInclude>
    <ClInclude Include="nosjob\include\wh\nosjob\nosjob_s11n.hpp">
      <Filter>Header Files</Filter>
    </ClInclude>
    <ClInclude Include="nosjob\packages\pthreads.2.9.1.4\build\native\include\need_errno.h">
      <Filter>Header Files</Filter>
    </ClInclude>
    <ClInclude Include="nosjob\packages\pthreads.2.9.1.4\build\native\include\pthread.h">
      <Filter>Header Files</Filter>
    </ClInclude>
    <ClInclude Include="nosjob\packages\pthreads.2.9.1.4\build\native\include\sched.h">
      <Filter>Header Files</Filter>
    </ClInclude>
    <ClInclude Include="nosjob\packages\pthreads.2.9.1.4\build\native\include\semaphore.h">
      <Filter>Header Files</Filter>
    </ClInclude>
    <ClInclude Include="nosjob\src\parser\JSON_parser.h">
      <Filter>Header Files</Filter>
    </ClInclude>
    <ClInclude Include="parms.h">
      <Filter>Header Files</Filter>
    </ClInclude>
    <ClInclude Include="eqn_ac_floryhuggins.h">
      <Filter>Header Files</Filter>
    </ClInclude>
    <ClInclude Include="eqn_ac_heil.h">
      <Filter>Header Files</Filter>
    </ClInclude>
    <ClInclude Include="eqn_ac_tsubokakatayama.h">
      <Filter>Header Files</Filter>
    </ClInclude>
    <ClInclude Include="eqn_ac_wangchao.h">
      <Filter>Header Files</Filter>
    </ClInclude>
    <ClInclude Include="eqn_ac_wilson.h">
      <Filter>Header Files</Filter>
    </ClInclude>
    <ClInclude Include="eqn_dss.h">
      <Filter>Header Files</Filter>
    </ClInclude>
    <ClInclude Include="eqn_langmuir.h">
      <Filter>Header Files</Filter>
    </ClInclude>
    <ClInclude Include="eqn_dubininastakov_mass.h">
      <Filter>Header Files</Filter>
    </ClInclude>
    <ClInclude Include="eqn_dubininastakov_volume.h">
      <Filter>Header Files</Filter>
    </ClInclude>
    <ClInclude Include="eqn_ac_uniquac_fixeddu.h">
      <Filter>Header Files</Filter>
    </ClInclude>
    <ClInclude Include="eqn_ac_uniquac_du_t.h">
      <Filter>Header Files</Filter>
    </ClInclude>
    <ClInclude Include="eqn_ac_nrtl_dg_t.h">
      <Filter>Header Files</Filter>
    </ClInclude>
    <ClInclude Include="eqn_ac_nrtl_fixeddg.h">
      <Filter>Header Files</Filter>
    </ClInclude>
    <ClInclude Include="eqn_mr_1pvdw.h">
      <Filter>Header Files</Filter>
    </ClInclude>
  </ItemGroup>
  <ItemGroup>
    <None Include="sorpPropLib.pro" />
    <None Include="sorpPropLib.pro.user" />
    <None Include="nosjob\packages\pthreads.2.9.1.4\build\native\docs\index.html" />
    <None Include="IPair_rs.h" />
  </ItemGroup>
</Project>